
Microsoft Visual Studio Solution File, Format Version 12.00
# Visual Studio Version 17
VisualStudioVersion = 17.13.35828.75 d17.13
MinimumVisualStudioVersion = 10.0.40219.1
Project("{FAE04EC0-301F-11D3-BF4B-00C04F79EFBC}") = "farming-system-project", "farming-system-project\farming-system-project.csproj", "{24795414-9713-42BD-BE7B-B112F213EC97}"
EndProject
Global
	GlobalSection(SolutionConfigurationPlatforms) = preSolution
		Debug|Any CPU = Debug|Any CPU
		Release|Any CPU = Release|Any CPU
	EndGlobalSection
	GlobalSection(ProjectConfigurationPlatforms) = postSolution
		{24795414-9713-42BD-BE7B-B112F213EC97}.Debug|Any CPU.ActiveCfg = Debug|Any CPU
		{24795414-9713-42BD-BE7B-B112F213EC97}.Debug|Any CPU.Build.0 = Debug|Any CPU
		{24795414-9713-42BD-BE7B-B112F213EC97}.Release|Any CPU.ActiveCfg = Release|Any CPU
		{24795414-9713-42BD-BE7B-B112F213EC97}.Release|Any CPU.Build.0 = Release|Any CPU
	EndGlobalSection
	GlobalSection(SolutionProperties) = preSolution
		HideSolutionNode = FALSE
	EndGlobalSection
	GlobalSection(ExtensibilityGlobals) = postSolution
		SolutionGuid = {BC65C216-7B94-4C90-B0D0-2039DD7F8C8C}
	EndGlobalSection
EndGlobal
